
Microsoft Visual Studio Solution File, Format Version 12.00
Project("{FAE04EC0-301F-11D3-BF4B-00C04F79EFBC}") = "WebApplicationEF", "WebApplicationEF\WebApplicationEF.csproj", "{CFCD6273-9245-44DD-89F8-81C630E11347}"
EndProject
Global
	GlobalSection(SolutionConfigurationPlatforms) = preSolution
		Debug|Any CPU = Debug|Any CPU
		Release|Any CPU = Release|Any CPU
	EndGlobalSection
	GlobalSection(ProjectConfigurationPlatforms) = postSolution
		{CFCD6273-9245-44DD-89F8-81C630E11347}.Debug|Any CPU.ActiveCfg = Debug|Any CPU
		{CFCD6273-9245-44DD-89F8-81C630E11347}.Debug|Any CPU.Build.0 = Debug|Any CPU
		{CFCD6273-9245-44DD-89F8-81C630E11347}.Release|Any CPU.ActiveCfg = Release|Any CPU
		{CFCD6273-9245-44DD-89F8-81C630E11347}.Release|Any CPU.Build.0 = Release|Any CPU
	EndGlobalSection
EndGlobal
